
Microsoft Visual Studio Solution File, Format Version 12.00
# Visual Studio Version 17
VisualStudioVersion = 17.0.31903.59
MinimumVisualStudioVersion = 10.0.40219.1
Project("{9A19103F-16F7-4668-BE54-9A1E7A4F7556}") = "TransactionService", "TransactionService\TransactionService.csproj", "{D3962317-D33F-4CF6-B3D7-E2A283A759BB}"
EndProject
Project("{9A19103F-16F7-4668-BE54-9A1E7A4F7556}") = "ConsolidatedService", "ConsolidatedService\ConsolidatedService.csproj", "{5E6E76D5-EC48-4BB8-B056-81E4AAE0453C}"
EndProject
Project("{2150E333-8FDC-42A3-9474-1A3956D46DE8}") = "Solution Items", "Solution Items", "{5AE218CD-6B10-4618-8AB0-11A2A057F2D9}"
	ProjectSection(SolutionItems) = preProject
		docker-compose.yml = docker-compose.yml
		Locust\Dockerfile = Locust\Dockerfile
		nginx.conf = nginx.conf
		readme.md = readme.md
	EndProjectSection
EndProject
Global
	GlobalSection(SolutionConfigurationPlatforms) = preSolution
		Debug|Any CPU = Debug|Any CPU
		Release|Any CPU = Release|Any CPU
	EndGlobalSection
	GlobalSection(ProjectConfigurationPlatforms) = postSolution
		{D3962317-D33F-4CF6-B3D7-E2A283A759BB}.Debug|Any CPU.ActiveCfg = Debug|Any CPU
		{D3962317-D33F-4CF6-B3D7-E2A283A759BB}.Debug|Any CPU.Build.0 = Debug|Any CPU
		{D3962317-D33F-4CF6-B3D7-E2A283A759BB}.Release|Any CPU.ActiveCfg = Release|Any CPU
		{D3962317-D33F-4CF6-B3D7-E2A283A759BB}.Release|Any CPU.Build.0 = Release|Any CPU
		{5E6E76D5-EC48-4BB8-B056-81E4AAE0453C}.Debug|Any CPU.ActiveCfg = Debug|Any CPU
		{5E6E76D5-EC48-4BB8-B056-81E4AAE0453C}.Debug|Any CPU.Build.0 = Debug|Any CPU
		{5E6E76D5-EC48-4BB8-B056-81E4AAE0453C}.Release|Any CPU.ActiveCfg = Release|Any CPU
		{5E6E76D5-EC48-4BB8-B056-81E4AAE0453C}.Release|Any CPU.Build.0 = Release|Any CPU
	EndGlobalSection
	GlobalSection(SolutionProperties) = preSolution
		HideSolutionNode = FALSE
	EndGlobalSection
	GlobalSection(ExtensibilityGlobals) = postSolution
		SolutionGuid = {2281D57E-073C-4E4A-9B90-3B1E69FE6702}
	EndGlobalSection
EndGlobal
